
Microsoft Visual Studio Solution File, Format Version 12.00
# Visual Studio Version 16
VisualStudioVersion = 16.0.29009.5
MinimumVisualStudioVersion = 10.0.40219.1
Project("{FAE04EC0-301F-11D3-BF4B-00C04F79EFBC}") = "Quizzy", "Quizzy\Quizzy.csproj", "{C895B16F-F03B-403C-AFE7-1689E54F7FA5}"
EndProject
Global
	GlobalSection(SolutionConfigurationPlatforms) = preSolution
		Debug|Any CPU = Debug|Any CPU
		Release|Any CPU = Release|Any CPU
	EndGlobalSection
	GlobalSection(ProjectConfigurationPlatforms) = postSolution
		{C895B16F-F03B-403C-AFE7-1689E54F7FA5}.Debug|Any CPU.ActiveCfg = Debug|Any CPU
		{C895B16F-F03B-403C-AFE7-1689E54F7FA5}.Debug|Any CPU.Build.0 = Debug|Any CPU
		{C895B16F-F03B-403C-AFE7-1689E54F7FA5}.Release|Any CPU.ActiveCfg = Release|Any CPU
		{C895B16F-F03B-403C-AFE7-1689E54F7FA5}.Release|Any CPU.Build.0 = Release|Any CPU
	EndGlobalSection
	GlobalSection(SolutionProperties) = preSolution
		HideSolutionNode = FALSE
	EndGlobalSection
	GlobalSection(ExtensibilityGlobals) = postSolution
		SolutionGuid = {4ED1A0E4-4BA5-4093-A1A9-8C224DC13EFB}
	EndGlobalSection
EndGlobal
